{
    "_meta": {
        "hash": {
            "sha256": "8270c42f303e13bbc78e43f35c19014e35106db9589de9a1e486434f8d25e7ec"
        },
        "pipfile-spec": 6,
        "requires": {
            "python_version": "3.5"
        },
        "sources": [
            {
                "name": "pypi",
                "url": "https://pypi.python.org/simple",
                "verify_ssl": true
            }
        ]
    },
    "default": {
        "agate": {
            "hashes": [
                "sha256:48d6f80b35611c1ba25a642cbc5b90fcbdeeb2a54711c4a8d062ee2809334d1c",
                "sha256:c93aaa500b439d71e4a5cf088d0006d2ce2c76f1950960c8843114e5f361dfd3"
            ],
            "version": "==1.6.1"
        },
        "agate-dbf": {
            "hashes": [
                "sha256:589682b78c5c03f2dc8511e6e3edb659fb7336cd118e248896bb0b44c2f1917b"
            ],
            "version": "==0.2.2"
        },
        "agate-excel": {
            "hashes": [
                "sha256:8f255ef2c87c436b7132049e1dd86c8e08bf82d8c773aea86f3069b461a17d52"
            ],
            "version": "==0.2.3"
        },
        "agate-sql": {
            "hashes": [
                "sha256:50a39754babef6cd0d1b1e75763324a49593394fe46ab1ea9546791b5e6b69a7"
            ],
            "version": "==0.5.5"
        },
        "algoliasearch": {
            "hashes": [
                "sha256:48460675555e6effab946adc58b7483bb88a5a68ddc4bdebee09d93e9253318c",
                "sha256:842fb3e2fb57dc0daa2e97bf0d2e8191498781540901da118e98c24048d8d812"
            ],
            "index": "pypi",
            "version": "==1.20.0"
        },
        "attrs": {
            "hashes": [
                "sha256:31b2eced602aa8423c2aea9c76a724617ed67cf9513173fd3a4f03e3a929c7e6",
                "sha256:832aa3cde19744e49938b91fea06d69ecb9e649c93ba974535d08ad92164f700"
            ],
            "version": "==20.3.0"
        },
        "awscli": {
            "hashes": [
                "sha256:63c7900e65a76a1574e1d6e3aaa37c98403339a552428b47559d4e05081f8e4b",
                "sha256:c5b6dd8e9217a5ef43c2632f5ce895f881028c4aab328cfe56f0e6adafd4d868"
            ],
            "index": "pypi",
            "version": "==1.16.111"
        },
        "babel": {
            "hashes": [
                "sha256:9d35c22fcc79893c3ecc85ac4a56cde1ecf3f19c540bba0922308a6c06ca6fa5",
                "sha256:da031ab54472314f210b0adcff1588ee5d1d1d0ba4dbd07b94dba82bde791e05"
            ],
            "version": "==2.9.0"
        },
        "boto3": {
            "hashes": [
                "sha256:50661bb11468da30466a473236e13f0802fa073c702304d48a87ebd8bb798297",
                "sha256:bc25b83405cede6025fd7de0240fa8ade910f445da46f267c1dd13409d19ad64"
            ],
            "index": "pypi",
            "version": "==1.9.101"
        },
        "botocore": {
            "hashes": [
                "sha256:1b226b3fa08e57d126cfa23ddbc02b4253adbecca510a3534bd71c56a3fcb0ec",
                "sha256:46e4daaa7c8cb29237802b63699c16a116f96f301ad2fcfef800574333b58b98"
            ],
            "version": "==1.12.101"
        },
        "census": {
            "hashes": [
                "sha256:2e3bdcbb015f2dbb6e67c1207f859fc0a07f82564365880f021d3eee4192dae2",
                "sha256:ab4f4bb2e7228e688f1de77e693b2e7a10fbab257fd24a616e86fa0cebf6145e"
            ],
            "index": "pypi",
            "version": "==0.8.13"
        },
        "certifi": {
            "hashes": [
                "sha256:1a4995114262bffbc2413b159f2a1a480c969de6e6eb13ee966d470af86af59c",
                "sha256:719a74fb9e33b9bd44cc7f3a8d94bc35e4049deebe19ba7d8e108280cfd59830"
            ],
            "version": "==2020.12.5"
        },
        "chardet": {
            "hashes": [
                "sha256:0d6f53a15db4120f2b08c94f11e7d93d2c911ee118b6b30a04ec3ee8310179fa",
                "sha256:f864054d66fd9118f2e67044ac8981a54775ec5b67aed0441892edb553d21da5"
            ],
            "version": "==4.0.0"
        },
        "click": {
            "hashes": [
                "sha256:d2b5255c7c6349bc1bd1e59e08cd12acbbd63ce649f2588755783aa94dfb6b1a",
                "sha256:dacca89f4bfadd5de3d7489b7c8a566eee0d3676333fbb50030263894c38c0dc"
            ],
            "version": "==7.1.2"
        },
        "click-plugins": {
            "hashes": [
                "sha256:46ab999744a9d831159c3411bb0c79346d94a444df9a3a3742e9ed63645f264b",
                "sha256:5d262006d3222f5057fd81e1623d4443e41dcda5dc815c06b442aa3c02889fc8"
            ],
            "version": "==1.1.1"
        },
        "cligj": {
            "hashes": [
                "sha256:07171c1e287f45511f97df4ea071abc5d19924153413d5683a8e4866369bc676",
                "sha256:b2f1f7247d59a5387bd3013a08b9ed6829e96fafa4a6e6292341efdb46fe6220"
            ],
            "version": "==0.7.1"
        },
        "colorama": {
            "hashes": [
                "sha256:463f8483208e921368c9f306094eb6f725c6ca42b0f97e313cb5d5512459feda",
                "sha256:48eb22f4f8461b1df5734a074b57042430fb06e1d61bd1e11b078c0fe6d7a1f1"
            ],
            "version": "==0.3.9"
        },
        "csvdiff": {
            "hashes": [
                "sha256:773fffdf8fd10bea0f99a3cba0b2471e7ae6f8594186e611bbf7bdc1cc747c02",
                "sha256:7fd35e4bcc437b71281ed443990ca6909fb36bda5fcea035e50bff62ba15e06d"
            ],
            "index": "pypi",
            "version": "==0.3.3"
        },
        "csvkit": {
            "hashes": [
                "sha256:a6c859c1321d4697dc41252877249091681297f093e08d9c1e1828a6d52c260c"
            ],
            "index": "pypi",
            "version": "==1.0.3"
        },
        "dbfread": {
            "hashes": [
                "sha256:07c8a9af06ffad3f6f03e8fe91ad7d2733e31a26d2b72c4dd4cfbae07ee3b73d",
                "sha256:f604def58c59694fa0160d7be5d0b8d594467278d2bb6a47d46daf7162c84cec"
            ],
            "version": "==2.0.7"
        },
        "docutils": {
            "hashes": [
                "sha256:0c5b78adfbf7762415433f5515cd5c9e762339e23369dbe8000d84a4bf4ab3af",
                "sha256:c2de3a60e9e7d07be26b7f2b00ca0309c207e06c100f9cc2a94931fc75a478fc"
            ],
            "version": "==0.16"
        },
        "et-xmlfile": {
            "hashes": [
                "sha256:614d9722d572f6246302c4491846d2c393c199cfa4edc9af593437691683335b"
            ],
            "version": "==1.0.1"
        },
        "fiona": {
            "hashes": [
                "sha256:1c26f38bfbcd51e710c361f26db605ccf2b5f2a7967e0f4a88683cac3845c947",
                "sha256:67df21101e185bbb611846138a3094ee3196b746aa336be3db3a64d7971b8fed",
                "sha256:8891d25bcb795eec2294390b56426fded566bcc8ed3730dac7e7a61cde71f1b5",
                "sha256:8a818fa6cd1ae7ef3b3061ca8f52b694557d2fcf303d7c5431dd961ea09a5ccf",
                "sha256:9fdaaebd5b1b2dd59a0bce9f8ca3e3fba3ef86346be603985590773e4822a543",
                "sha256:a3de7c1da06bc036dcd8954fa30e089587af335d4e549539169b1de9fe8badba",
                "sha256:b5a77bcd113dfa2424ff97190b3dc907640777615490e55777e8042a5b84ed78",
                "sha256:b732ece0ff8886a29c439723a3e1fc382718804bb057519d537a81308854967a",
                "sha256:c0ec331f9cf43bb3399d41a04f8b7ee5ebddea93de3e780fba98f3bf75b39eb3",
                "sha256:c64cc0bab040c3a2aec12edd2e1407e3b52609117d9a9a471e3d25172abb1e5e",
                "sha256:e34612996121a66559fac9013fd30d8200ed17df54c71edf63461a8b6f519cf5"
            ],
            "version": "==1.8.18"
        },
        "future": {
            "hashes": [
                "sha256:b1bead90b70cf6ec3f0710ae53a525360fa360d306a86583adc6bf83a4db537d"
            ],
            "version": "==0.18.2"
        },
        "geopandas": {
            "hashes": [
                "sha256:1c272a9dfa1a382a153d6854d56be33b4c991670ebfdf05d562965877da5e9b8",
                "sha256:9f5d24d23f33e6d3267a633025e4d9e050b3a1e86d41a96d3ccc5ad95afec3db"
            ],
            "index": "pypi",
            "version": "==0.4.0"
        },
        "idna": {
            "hashes": [
                "sha256:b307872f855b18632ce0c21c5e45be78c0ea7ae4c15c828c20788b26921eb3f6",
                "sha256:b97d804b1e9b523befed77c48dacec60e6dcb0b5391d57af6a65a312a90648c0"
            ],
            "version": "==2.10"
        },
        "importlib-metadata": {
            "hashes": [
                "sha256:b8de9eff2b35fb037368f28a7df1df4e6436f578fa74423505b6c6a778d5b5dd",
                "sha256:c2d6341ff566f609e89a2acb2db190e5e1d23d5409d6cc8d2fe34d72443876d4"
            ],
            "markers": "python_version < '3.8'",
            "version": "==2.1.1"
        },
        "isodate": {
            "hashes": [
                "sha256:2e364a3d5759479cdb2d37cce6b9376ea504db2ff90252a2e5b7cc89cc9ff2d8",
                "sha256:aa4d33c06640f5352aca96e4b81afd8ab3b47337cc12089822d6f322ac772c81"
            ],
            "version": "==0.6.0"
        },
        "jdcal": {
            "hashes": [
                "sha256:1abf1305fce18b4e8aa248cf8fe0c56ce2032392bc64bbd61b5dff2a19ec8bba",
                "sha256:472872e096eb8df219c23f2689fc336668bdb43d194094b5cc1707e1640acfc8"
            ],
            "version": "==1.4.1"
        },
        "jmespath": {
            "hashes": [
                "sha256:b85d0567b8666149a93172712e68920734333c0ce7e89b78b3e987f71e5ed4f9",
                "sha256:cdf6525904cc597730141d61b36f2e4b8ecc257c420fa2f4549bac2c2d0cb72f"
            ],
            "version": "==0.10.0"
        },
        "jsonschema": {
            "hashes": [
                "sha256:4e5b3cf8216f577bee9ce139cbe72eca3ea4f292ec60928ff24758ce626cd163",
                "sha256:c8a85b28d377cc7737e46e2d9f2b4f44ee3c0e1deac6bf46ddefc7187d30797a"
            ],
            "version": "==3.2.0"
        },
        "leather": {
            "hashes": [
                "sha256:076d1603b5281488285718ce1a5ce78cf1027fe1e76adf9c548caf83c519b988",
                "sha256:e0bb36a6d5f59fbf3c1a6e75e7c8bee29e67f06f5b48c0134407dde612eba5e2"
            ],
            "version": "==0.3.3"
        },
        "munch": {
            "hashes": [
                "sha256:2d735f6f24d4dba3417fa448cae40c6e896ec1fdab6cdb5e6510999758a4dbd2",
                "sha256:6f44af89a2ce4ed04ff8de41f70b226b984db10a91dcc7b9ac2efc1c77022fdd"
            ],
            "version": "==2.5.0"
        },
        "numpy": {
            "hashes": [
                "sha256:12cf4b27039b88e407ad66894d99a957ef60fea0eeb442026af325add2ab264d",
                "sha256:2da8dff91d489fea3e20155d41f4cd680de7d01d9a89fdd0ebb1bee6e72d3800",
                "sha256:377def0873bbb1fbdedb14b3275b10a29b1b55619a3f7f775c4e7f9ce2461b9c",
                "sha256:3d7ddd5bdfb12ec9668edf1aa49a4a3eddb0db4661b57ea431477eb9a2468894",
                "sha256:49880b47d7272f902946dd995f346842c95fe275e2deb3082ef0495f0c718a69",
                "sha256:4e2fc841c8c642f7fd44591ef856ca409cedba6aea27928df34004c533839eee",
                "sha256:6b1011ffc87d7e2b1b7bcc6dc21bdf177163658746ef778dcd21bf0516b9126c",
                "sha256:6b8c2daacbbffc83b4a2ba83a61aa3ce60c66340b07b962bd27b6c6bb175bee1",
                "sha256:788e1757f8e409cd805a7cd82993cd9252fa19e334758a4c6eb5a8b334abb084",
                "sha256:7d4c549e41507db4f04ec7cfab5597de8acf7871b16c9cf64cebcb9d39031ca6",
                "sha256:81b9d8f6450e752bd82e7d9618fa053df8db1725747880e76fb09710b57f78d0",
                "sha256:89b9419019c47ec87cf4cfca77d85da4611cc0be636ec87b5290346490b98450",
                "sha256:9501c9ccd081977ca5579a3ec4009d6baff6bacb04bf07214aade3324734195a",
                "sha256:9b762e78739b6e021124adbea07611682db99cd3fca7f3c3a8b98b8f74ea5699",
                "sha256:a1f5173df8190ef9c6235d260d70ca70c6fb029683ceb66e244c5cc6e335947a",
                "sha256:a3d5dd437112292c707e54f47141be2f1100221242f07eda7bd8477f3ddc2252",
                "sha256:a8bc80f69570e11967763636db9b24c1e3e3689881d10ae793cec74cf7a627b6",
                "sha256:b803306c4c201e7dcda0ce1b9a9c87f61a7c7ce43de2c60c8e56147b76849a1a",
                "sha256:c8000a6cbc5140629be8c038c9c9cdb3a1c85ff90bd4180ec99f0f0c73050b5e",
                "sha256:e2335d56d2fd9fc4e3a3f2d3148aafec4962682375f429f05c45a64dacf19436",
                "sha256:e5ade7a69dccbd99c4fdbb95b6d091d941e62ffa588b0ed8fb0a2854118fef3f",
                "sha256:e8522cad377cc2ef20fe13aae742cc265172910c98e8a0d6014b1a8d564019e2",
                "sha256:fa0944650d5d3fb95869eaacd8eedbd2d83610c85e271bd9d3495ffa9bc4dc9c"
            ],
            "index": "pypi",
            "version": "==1.14.1"
        },
        "openpyxl": {
            "hashes": [
                "sha256:1d53801678e18d7fe38c116f1ad0c2383a654670c4c8806105b611c92d92f2e3"
            ],
            "version": "==2.6.4"
        },
        "pandas": {
            "hashes": [
                "sha256:02541a4fdd31315f213a5c8e18708abad719ee03eda05f603c4fe973e9b9d770",
                "sha256:052a66f58783a59ea38fdfee25de083b107baa81fdbe38fabd169d0f9efce2bf",
                "sha256:06efae5c00b9f4c6e6d3fe1eb52e590ff0ea8e5cb58032c724e04d31c540de53",
                "sha256:12f2a19d0b0adf31170d98d0e8bcbc59add0965a9b0c65d39e0665400491c0c5",
                "sha256:244ae0b9e998cfa88452a49b20e29bf582cc7c0e69093876d505aec4f8e1c7fe",
                "sha256:2907f3fe91ca2119ac3c38de6891bbbc83333bfe0d98309768fee28de563ee7a",
                "sha256:44a94091dd71f05922eec661638ec1a35f26d573c119aa2fad964f10a2880e6c",
                "sha256:587a9816cc663c958fcff7907c553b73fe196604f990bc98e1b71ebf07e45b44",
                "sha256:66403162c8b45325a995493bdd78ad4d8be085e527d721dbfa773d56fbba9c88",
                "sha256:68ac484e857dcbbd07ea7c6f516cc67f7f143f5313d9bc661470e7f473528882",
                "sha256:68b121d13177f5128a4c118bb4f73ba40df28292c038389961aa55ea5a996427",
                "sha256:97c8223d42d43d86ca359a57b4702ca0529c6553e83d736e93a5699951f0f8db",
                "sha256:af0dbac881f6f87acd325415adea0ce8cccf28f5d4ad7a54b6a1e176e2f7bf70",
                "sha256:c2cd884794924687edbaad40d18ac984054d247bb877890932c4d41e3c3aba31",
                "sha256:c372db80a5bcb143c9cb254d50f902772c3b093a4f965275197ec2d2184b1e61"
            ],
            "index": "pypi",
            "version": "==0.22.0"
        },
        "parsedatetime": {
            "hashes": [
                "sha256:4cb368fbb18a0b7231f4d76119165451c8d2e35951455dfee97c62a87b04d455",
                "sha256:cb96edd7016872f58479e35879294258c71437195760746faffedb692aef000b"
            ],
            "version": "==2.6"
        },
        "pyasn1": {
            "hashes": [
                "sha256:39c7e2ec30515947ff4e87fb6f456dfc6e84857d34be479c9d4a4ba4bf46aa5d",
                "sha256:aef77c9fb94a3ac588e87841208bdec464471d9871bd5050a287cc9a475cd0ba"
            ],
            "version": "==0.4.8"
        },
        "pyproj": {
            "hashes": [
                "sha256:2518d1606e2229b82318e704b40290e02a2a52d77b40cdcb2978973d6fc27b20",
                "sha256:33a5d1cfbb40a019422eb80709a0e270704390ecde7278fdc0b88f3647c56a39",
                "sha256:33c1c2968a4f4f87d517c4275a18b557e5c13907cf2609371fadea8463c3ba05",
                "sha256:3fef83a01c1e86dd9fa99d8214f749837cfafc34d9d6230b4b0a998fa7a68a1a",
                "sha256:451a3d1c563b672458029ebc04acbb3266cd8b3025268eb871a9176dc3638911",
                "sha256:457ad3856014ac26af1d86def6dc8cf69c1fa377b6e2fd6e97912d51cf66bdbe",
                "sha256:4f5b02b4abbd41610397c635b275a8ee4a2b5bc72a75572b98ac6ae7befa471e",
                "sha256:6a212d0e5c7efa33d039f0c8b0a489e2204fcd28b56206567852ad7f5f2a653e",
                "sha256:6f3f36440ea61f5f6da4e6beb365dddcbe159815450001d9fb753545affa45ff",
                "sha256:93cbad7b699e8e80def7de80c350617f35e6a0b82862f8ce3c014657c25fdb3c",
                "sha256:9f097e8f341a162438918e908be86d105a28194ff6224633b2e9616c5031153f",
                "sha256:a13e5731b3a360ee7fbd1e9199ec9203fafcece8ebd0b1351f16d0a90cad6828",
                "sha256:a6ac4861979cd05a0f5400fefa41d26c0269a5fb8237618aef7c998907db39e1",
                "sha256:a8b7c8accdc61dac8e91acab7c1f7b4590d1e102f2ee9b1f1e6399fad225958e",
                "sha256:adacb67a9f71fb54ca1b887a6ab20f32dd536fcdf2acec84a19e25ad768f7965",
                "sha256:bc2f3a15d065e206d63edd2cc4739aa0a35c05338ee276ab1dc72f56f1944bda",
                "sha256:cbf6ccf990860b06c5262ff97c4b78e1d07883981635cd53a6aa438a68d92945",
                "sha256:d87836be6b720fb4d9c112136aa47621b6ca09a554e645c1081561eb8e2fa1f4",
                "sha256:d90a5d1fdd066b0e9b22409b0f5e81933469918fa04c2cf7f9a76ce84cb29dad",
                "sha256:daf2998e3f5bcdd579a18faf009f37f53538e9b7d0a252581a610297d31e8536",
                "sha256:e015f900b4b84e908f8035ab16ebf02d67389c1c216c17a2196fc2e515c00762",
                "sha256:e50d5d20b87758acf8f13f39a3b3eb21d5ef32339d2bc8cdeb8092416e0051df",
                "sha256:f5a8015c74ec8f6508aebf493b58ba20ccb4da8168bf05f0c2a37faccb518da9"
            ],
            "version": "==2.6.1.post1"
        },
        "pyrsistent": {
            "hashes": [
                "sha256:2e636185d9eb976a18a8a8e96efce62f2905fea90041958d8cc2a189756ebf3e"
            ],
            "version": "==0.17.3"
        },
        "python-dateutil": {
            "hashes": [
                "sha256:73ebfe9dbf22e832286dafa60473e4cd239f8592f699aa5adaf10050e6e1823c",
                "sha256:75bb3f31ea686f1197762692a9ee6a7550b59fc6ca3a1f4b5d7e32fb98e2da2a"
            ],
            "markers": "python_version >= '2.7'",
            "version": "==2.8.1"
        },
        "python-slugify": {
            "hashes": [
                "sha256:69a517766e00c1268e5bbfc0d010a0a8508de0b18d30ad5a1ff357f8ae724270"
            ],
            "version": "==4.0.1"
        },
        "pytimeparse": {
            "hashes": [
                "sha256:04b7be6cc8bd9f5647a6325444926c3ac34ee6bc7e69da4367ba282f076036bd",
                "sha256:e86136477be924d7e670646a98561957e8ca7308d44841e21f5ddea757556a0a"
            ],
            "version": "==1.1.8"
        },
        "pytz": {
            "hashes": [
                "sha256:3e6b7dd2d1e0a59084bcee14a17af60c5c562cdc16d828e8eba2e683d3a7e268",
                "sha256:5c55e189b682d420be27c6995ba6edce0c0a77dd67bfbe2ae6607134d5851ffd"
            ],
            "version": "==2020.4"
        },
        "pyyaml": {
            "hashes": [
                "sha256:3d7da3009c0f3e783b2c873687652d83b1bbfd5c88e9813fb7e5b03c0dd3108b",
                "sha256:3ef3092145e9b70e3ddd2c7ad59bdd0252a94dfe3949721633e41344de00a6bf",
                "sha256:40c71b8e076d0550b2e6380bada1f1cd1017b882f7e16f09a65be98e017f211a",
                "sha256:558dd60b890ba8fd982e05941927a3911dc409a63dcb8b634feaa0cda69330d3",
                "sha256:a7c28b45d9f99102fa092bb213aa12e0aaf9a6a1f5e395d36166639c1f96c3a1",
                "sha256:aa7dd4a6a427aed7df6fb7f08a580d68d9b118d90310374716ae90b710280af1",
                "sha256:bc558586e6045763782014934bfaf39d48b8ae85a2713117d16c39864085c613",
                "sha256:d46d7982b62e0729ad0175a9bc7e10a566fc07b224d2c79fafb5e032727eaa04",
                "sha256:d5eef459e30b09f5a098b9cea68bebfeb268697f78d647bd255a085371ac7f3f",
                "sha256:e01d3203230e1786cd91ccfdc8f8454c8069c91bee3962ad93b87a4b2860f537",
                "sha256:e170a9e6fcfd19021dd29845af83bb79236068bf5fd4df3327c1be18182b2531"
            ],
            "version": "==3.13"
        },
        "requests": {
            "hashes": [
                "sha256:27973dd4a904a4f13b263a19c866c13b92a39ed1c964655f025f3f8d3d75b804",
                "sha256:c210084e36a42ae6b9219e00e48287def368a26d03a048ddad7bfee44f75871e"
            ],
            "version": "==2.25.1"
        },
        "rsa": {
            "hashes": [
                "sha256:25df4e10c263fb88b5ace923dd84bf9aa7f5019687b5e55382ffcdb8bede9db5",
                "sha256:43f682fea81c452c98d09fc316aae12de6d30c4b5c84226642cf8f8fd1c93abd"
            ],
            "version": "==3.4.2"
        },
        "rtree": {
            "hashes": [
                "sha256:6cb9cf3000963ea6a3db777a597baee2bc55c4fc891e4f1967f262cc96148649",
                "sha256:8526431aa15d8cea1c07b451ce853b62b1da4cf6b74c07810aba5b81d12efe66",
                "sha256:a9e67386073f93f22449f396d5993dfe479335169c376f3f7fb04a396391f0dc"
            ],
            "index": "pypi",
            "version": "==0.8.3"
        },
        "s3transfer": {
            "hashes": [
                "sha256:6efc926738a3cd576c2a79725fed9afde92378aa5c6a957e3af010cb019fac9d",
                "sha256:b780f2411b824cb541dbcd2c713d0cb61c7d1bcadae204cdddda2b35cef493ba"
            ],
            "version": "==0.2.1"
        },
        "shapely": {
            "hashes": [
                "sha256:052eb5b9ba756808a7825e8a8020fb146ec489dd5c919e7d139014775411e688",
                "sha256:1641724c1055459a7e2b8bbe47ba25bdc89554582e62aec23cb3f3ca25f9b129",
                "sha256:17df66e87d0fe0193910aeaa938c99f0b04f67b430edb8adae01e7be557b141b",
                "sha256:182716ffb500d114b5d1b75d7fd9d14b7d3414cef3c38c0490534cc9ce20981a",
                "sha256:2df5260d0f2983309776cb41bfa85c464ec07018d88c0ecfca23d40bfadae2f1",
                "sha256:35be1c5d869966569d3dfd4ec31832d7c780e9df760e1fe52131105685941891",
                "sha256:46da0ea527da9cf9503e66c18bab6981c5556859e518fe71578b47126e54ca93",
                "sha256:4c10f317e379cc404f8fc510cd9982d5d3e7ba13a9cfd39aa251d894c6366798",
                "sha256:4f3c59f6dbf86a9fc293546de492f5e07344e045f9333f3a753f2dda903c45d1",
                "sha256:60e5b2282619249dbe8dc5266d781cc7d7fb1b27fa49f8241f2167672ad26719",
                "sha256:6593026cd3f5daaea12bcc51ae5c979318070fefee210e7990cb8ac2364e79a1",
                "sha256:6871acba8fbe744efa4f9f34e726d070bfbf9bffb356a8f6d64557846324232b",
                "sha256:791477edb422692e7dc351c5ed6530eb0e949a31b45569946619a0d9cd5f53cb",
                "sha256:8e7659dd994792a0aad8fb80439f59055a21163e236faf2f9823beb63a380e19",
                "sha256:8f15b6ce67dcc05b61f19c689b60f3fe58550ba994290ff8332f711f5aaa9840",
                "sha256:90a3e2ae0d6d7d50ff2370ba168fbd416a53e7d8448410758c5d6a5920646c1d",
                "sha256:a3774516c8a83abfd1ddffb8b6ec1b0935d7fe6ea0ff5c31a18bfdae567b4eba",
                "sha256:a5c3a50d823c192f32615a2a6920e8c046b09e07a58eba220407335a9cd2e8ea",
                "sha256:b40cc7bb089ae4aa9ddba1db900b4cd1bce3925d2a4b5837b639e49de054784f",
                "sha256:da38ed3d65b8091447dc3717e5218cc336d20303b77b0634b261bc5c1aa2bae8",
                "sha256:de618e67b64a51a0768d26a9963ecd7d338a2cf6e9e7582d2385f88ad005b3d1",
                "sha256:e3afccf0437edc108eef1e2bb9cc4c7073e7705924eb4cd0bf7715cd1ef0ce1b"
            ],
            "version": "==1.7.1"
        },
        "six": {
            "hashes": [
                "sha256:30639c035cdb23534cd4aa2dd52c3bf48f06e5f4a941509c8bafd8ce11080259",
                "sha256:8b74bedcbbbaca38ff6d7491d76f2b06b3592611af620f8426e82dddb04a5ced"
            ],
            "version": "==1.15.0"
        },
        "sqlalchemy": {
            "hashes": [
                "sha256:11ead7047ff3f394ed0d4b62aded6c5d970a9b718e1dc6add9f5e79442cc5b14"
            ],
            "index": "pypi",
            "version": "==1.3.0"
        },
        "text-unidecode": {
            "hashes": [
                "sha256:1311f10e8b895935241623731c2ba64f4c455287888b18189350b67134a822e8",
                "sha256:bad6603bb14d279193107714b288be206cac565dfa49aa5b105294dd5c4aab93"
            ],
            "version": "==1.3"
        },
        "urllib3": {
            "hashes": [
                "sha256:2393a695cd12afedd0dcb26fe5d50d0cf248e5a66f75dbd89a3d4eb333a61af4",
                "sha256:a637e5fae88995b256e3409dc4d52c2e2e0ba32c42a6365fee8bbd2238de3cfb"
            ],
            "markers": "python_version >= '3.4'",
            "version": "==1.24.3"
        },
        "xlrd": {
            "hashes": [
                "sha256:546eb36cee8db40c3eaa46c351e67ffee6eeb5fa2650b71bc4c758a29a1b29b2",
                "sha256:e551fb498759fa3a5384a94ccd4c3c02eb7c00ea424426e212ac0c57be9dfbde"
            ],
            "version": "==1.2.0"
        },
        "xlsx2csv": {
            "hashes": [
                "sha256:6ce45a87b61af6d3c24fed4221642de9115dc9cb9ea65887b0926fd0fab0a597"
            ],
            "index": "pypi",
            "version": "==0.7.4"
        },
        "zipp": {
            "hashes": [
                "sha256:c70410551488251b0fee67b460fb9a536af8d6f9f008ad10ac51f615b6a521b1",
                "sha256:e0d9e63797e483a30d27e09fffd308c59a700d365ec34e93cc100844168bf921"
            ],
            "version": "==1.2.0"
        }
    },
    "develop": {
        "astroid": {
            "hashes": [
                "sha256:2f4078c2a41bf377eea06d71c9d2ba4eb8f6b1af2135bec27bbbb7d8f12bb703",
                "sha256:bc58d83eb610252fd8de6363e39d4f1d0619c894b0ed24603b881c02e64c7386"
            ],
            "version": "==2.4.2"
        },
        "entrypoints": {
            "hashes": [
                "sha256:589f874b313739ad35be6e0cd7efde2a4e9b6fea91edcc34e58ecbb8dbe56d19",
                "sha256:c70dd71abe5a8c85e55e12c19bd91ccfeec11a6e99044204511f9ed547d48451"
            ],
            "version": "==0.3"
        },
        "flake8": {
            "hashes": [
                "sha256:6d8c66a65635d46d54de59b027a1dda40abbe2275b3164b634835ac9c13fd048",
                "sha256:6eab21c6e34df2c05416faa40d0c59963008fff29b6f0ccfe8fa28152ab3e383"
            ],
            "index": "pypi",
            "version": "==3.7.6"
        },
        "isort": {
            "hashes": [
                "sha256:54da7e92468955c4fceacd0c86bd0ec997b0e1ee80d97f67c35a78b719dccab1",
                "sha256:6e811fcb295968434526407adb8796944f1988c5b65e8139058f2014cbe100fd"
            ],
            "version": "==4.3.21"
        },
        "lazy-object-proxy": {
            "hashes": [
                "sha256:0c4b206227a8097f05c4dbdd323c50edf81f15db3b8dc064d08c62d37e1a504d",
                "sha256:194d092e6f246b906e8f70884e620e459fc54db3259e60cf69a4d66c3fda3449",
                "sha256:1be7e4c9f96948003609aa6c974ae59830a6baecc5376c25c92d7d697e684c08",
                "sha256:4677f594e474c91da97f489fea5b7daa17b5517190899cf213697e48d3902f5a",
                "sha256:48dab84ebd4831077b150572aec802f303117c8cc5c871e182447281ebf3ac50",
                "sha256:5541cada25cd173702dbd99f8e22434105456314462326f06dba3e180f203dfd",
                "sha256:59f79fef100b09564bc2df42ea2d8d21a64fdcda64979c0fa3db7bdaabaf6239",
                "sha256:8d859b89baf8ef7f8bc6b00aa20316483d67f0b1cbf422f5b4dc56701c8f2ffb",
                "sha256:9254f4358b9b541e3441b007a0ea0764b9d056afdeafc1a5569eee1cc6c1b9ea",
                "sha256:9651375199045a358eb6741df3e02a651e0330be090b3bc79f6d0de31a80ec3e",
                "sha256:97bb5884f6f1cdce0099f86b907aa41c970c3c672ac8b9c8352789e103cf3156",
                "sha256:9b15f3f4c0f35727d3a0fba4b770b3c4ebbb1fa907dbcc046a1d2799f3edd142",
                "sha256:a2238e9d1bb71a56cd710611a1614d1194dc10a175c1e08d75e1a7bcc250d442",
                "sha256:a6ae12d08c0bf9909ce12385803a543bfe99b95fe01e752536a60af2b7797c62",
                "sha256:ca0a928a3ddbc5725be2dd1cf895ec0a254798915fb3a36af0964a0a4149e3db",
                "sha256:cb2c7c57005a6804ab66f106ceb8482da55f5314b7fcb06551db1edae4ad1531",
                "sha256:d74bb8693bf9cf75ac3b47a54d716bbb1a92648d5f781fc799347cfc95952383",
                "sha256:d945239a5639b3ff35b70a88c5f2f491913eb94871780ebfabb2568bd58afc5a",
                "sha256:eba7011090323c1dadf18b3b689845fd96a61ba0a1dfbd7f24b921398affc357",
                "sha256:efa1909120ce98bbb3777e8b6f92237f5d5c8ea6758efea36a473e1d38f7d3e4",
                "sha256:f3900e8a5de27447acbf900b4750b0ddfd7ec1ea7fbaf11dfa911141bc522af0"
            ],
            "version": "==1.4.3"
        },
        "mccabe": {
            "hashes": [
                "sha256:ab8a6258860da4b6677da4bd2fe5dc2c659cff31b3ee4f7f5d64e79735b80d42",
                "sha256:dd8d182285a0fe56bace7f45b5e7d1a6ebcbf524e8f3bd87eb0f125271b8831f"
            ],
            "version": "==0.6.1"
        },
        "pycodestyle": {
            "hashes": [
                "sha256:95a2219d12372f05704562a14ec30bc76b05a5b297b21a5dfe3f6fac3491ae56",
                "sha256:e40a936c9a450ad81df37f549d676d127b1b66000a6c500caa2b085bc0ca976c"
            ],
            "version": "==2.5.0"
        },
        "pyflakes": {
            "hashes": [
                "sha256:17dbeb2e3f4d772725c777fabc446d5634d1038f234e77343108ce445ea69ce0",
                "sha256:d976835886f8c5b31d47970ed689944a0262b5f3afa00a5a7b4dc81e5449f8a2"
            ],
            "version": "==2.1.1"
        },
        "pylint": {
            "hashes": [
                "sha256:689de29ae747642ab230c6d37be2b969bf75663176658851f456619aacf27492",
                "sha256:771467c434d0d9f081741fec1d64dfb011ed26e65e12a28fe06ca2f61c4d556c"
            ],
            "index": "pypi",
            "version": "==2.2.2"
        },
        "six": {
            "hashes": [
                "sha256:30639c035cdb23534cd4aa2dd52c3bf48f06e5f4a941509c8bafd8ce11080259",
                "sha256:8b74bedcbbbaca38ff6d7491d76f2b06b3592611af620f8426e82dddb04a5ced"
            ],
            "version": "==1.15.0"
        },
        "typed-ast": {
            "hashes": [
                "sha256:0666aa36131496aed8f7be0410ff974562ab7eeac11ef351def9ea6fa28f6355",
                "sha256:0c2c07682d61a629b68433afb159376e24e5b2fd4641d35424e462169c0a7919",
                "sha256:0d8110d78a5736e16e26213114a38ca35cb15b6515d535413b090bd50951556d",
                "sha256:249862707802d40f7f29f6e1aad8d84b5aa9e44552d2cc17384b209f091276aa",
                "sha256:24995c843eb0ad11a4527b026b4dde3da70e1f2d8806c99b7b4a7cf491612652",
                "sha256:269151951236b0f9a6f04015a9004084a5ab0d5f19b57de779f908621e7d8b75",
                "sha256:3742b32cf1c6ef124d57f95be609c473d7ec4c14d0090e5a5e05a15269fb4d0c",
                "sha256:4083861b0aa07990b619bd7ddc365eb7fa4b817e99cf5f8d9cf21a42780f6e01",
                "sha256:498b0f36cc7054c1fead3d7fc59d2150f4d5c6c56ba7fb150c013fbc683a8d2d",
                "sha256:4e3e5da80ccbebfff202a67bf900d081906c358ccc3d5e3c8aea42fdfdfd51c1",
                "sha256:6daac9731f172c2a22ade6ed0c00197ee7cc1221aa84cfdf9c31defeb059a907",
                "sha256:715ff2f2df46121071622063fc7543d9b1fd19ebfc4f5c8895af64a77a8c852c",
                "sha256:73d785a950fc82dd2a25897d525d003f6378d1cb23ab305578394694202a58c3",
                "sha256:7e4c9d7658aaa1fc80018593abdf8598bf91325af6af5cce4ce7c73bc45ea53d",
                "sha256:8c8aaad94455178e3187ab22c8b01a3837f8ee50e09cf31f1ba129eb293ec30b",
                "sha256:8ce678dbaf790dbdb3eba24056d5364fb45944f33553dd5869b7580cdbb83614",
                "sha256:92c325624e304ebf0e025d1224b77dd4e6393f18aab8d829b5b7e04afe9b7a2c",
                "sha256:aaee9905aee35ba5905cfb3c62f3e83b3bec7b39413f0a7f19be4e547ea01ebb",
                "sha256:b52ccf7cfe4ce2a1064b18594381bccf4179c2ecf7f513134ec2f993dd4ab395",
                "sha256:bcd3b13b56ea479b3650b82cabd6b5343a625b0ced5429e4ccad28a8973f301b",
                "sha256:c9e348e02e4d2b4a8b2eedb48210430658df6951fa484e59de33ff773fbd4b41",
                "sha256:d205b1b46085271b4e15f670058ce182bd1199e56b317bf2ec004b6a44f911f6",
                "sha256:d43943ef777f9a1c42bf4e552ba23ac77a6351de620aa9acf64ad54933ad4d34",
                "sha256:d5d33e9e7af3b34a40dc05f498939f0ebf187f07c385fd58d591c533ad8562fe",
                "sha256:d648b8e3bf2fe648745c8ffcee3db3ff903d0817a01a12dd6a6ea7a8f4889072",
                "sha256:f208eb7aff048f6bea9586e61af041ddf7f9ade7caed625742af423f6bae3298",
                "sha256:fac11badff8313e23717f3dada86a15389d0708275bddf766cca67a84ead3e91",
                "sha256:fc0fea399acb12edbf8a628ba8d2312f583bdbdb3335635db062fa98cf71fca4",
                "sha256:fcf135e17cc74dbfbc05894ebca928ffeb23d9790b3167a674921db19082401f",
                "sha256:fe460b922ec15dd205595c9b5b99e2f056fd98ae8f9f56b888e7a17dc2b757e7"
            ],
            "markers": "implementation_name == 'cpython' and python_version < '3.8'",
            "version": "==1.4.1"
        },
        "wrapt": {
            "hashes": [
                "sha256:b62ffa81fb85f4332a4f609cab4ac40709470da05643a082ec1eb88e6d9b97d7"
            ],
            "version": "==1.12.1"
        }
    }
}
